
Microsoft Visual Studio Solution File, Format Version 12.00
# Visual Studio Version 17
VisualStudioVersion = 17.7.34221.43
MinimumVisualStudioVersion = 10.0.40219.1
Project("{9A19103F-16F7-4668-BE54-9A1E7A4F7556}") = "Univi.Server", "Univi\Server\Univi.Server.csproj", "{9A089A63-4164-4E50-AC5E-E53423164631}"
EndProject
Project("{9A19103F-16F7-4668-BE54-9A1E7A4F7556}") = "Univi.Client", "Univi\Client\Univi.Client.csproj", "{B9021A88-C5C0-4BF7-BCBB-E77230391685}"
EndProject
Project("{9A19103F-16F7-4668-BE54-9A1E7A4F7556}") = "Univi.Shared", "Univi\Shared\Univi.Shared.csproj", "{910B93C3-6030-4B86-8863-0D05DCDDACF2}"
EndProject
Global
	GlobalSection(SolutionConfigurationPlatforms) = preSolution
		Debug|Any CPU = Debug|Any CPU
		Release|Any CPU = Release|Any CPU
	EndGlobalSection
	GlobalSection(ProjectConfigurationPlatforms) = postSolution
		{9A089A63-4164-4E50-AC5E-E53423164631}.Debug|Any CPU.ActiveCfg = Debug|Any CPU
		{9A089A63-4164-4E50-AC5E-E53423164631}.Debug|Any CPU.Build.0 = Debug|Any CPU
		{9A089A63-4164-4E50-AC5E-E53423164631}.Release|Any CPU.ActiveCfg = Release|Any CPU
		{9A089A63-4164-4E50-AC5E-E53423164631}.Release|Any CPU.Build.0 = Release|Any CPU
		{B9021A88-C5C0-4BF7-BCBB-E77230391685}.Debug|Any CPU.ActiveCfg = Debug|Any CPU
		{B9021A88-C5C0-4BF7-BCBB-E77230391685}.Debug|Any CPU.Build.0 = Debug|Any CPU
		{B9021A88-C5C0-4BF7-BCBB-E77230391685}.Release|Any CPU.ActiveCfg = Release|Any CPU
		{B9021A88-C5C0-4BF7-BCBB-E77230391685}.Release|Any CPU.Build.0 = Release|Any CPU
		{910B93C3-6030-4B86-8863-0D05DCDDACF2}.Debug|Any CPU.ActiveCfg = Debug|Any CPU
		{910B93C3-6030-4B86-8863-0D05DCDDACF2}.Debug|Any CPU.Build.0 = Debug|Any CPU
		{910B93C3-6030-4B86-8863-0D05DCDDACF2}.Release|Any CPU.ActiveCfg = Release|Any CPU
		{910B93C3-6030-4B86-8863-0D05DCDDACF2}.Release|Any CPU.Build.0 = Release|Any CPU
	EndGlobalSection
	GlobalSection(SolutionProperties) = preSolution
		HideSolutionNode = FALSE
	EndGlobalSection
	GlobalSection(ExtensibilityGlobals) = postSolution
		SolutionGuid = {4C8F6C38-8169-42E7-8681-77AAC060D693}
	EndGlobalSection
EndGlobal
